
Microsoft Visual Studio Solution File, Format Version 12.00
# Visual Studio Version 16
VisualStudioVersion = 16.0.29926.136
MinimumVisualStudioVersion = 10.0.40219.1
Project("{F184B08F-C81C-45F6-A57F-5ABD9991F28F}") = "MyCalendar", "MyCalendar.vbproj", "{D6618EB7-2DF7-40D7-88DC-B6344CF8576D}"
EndProject
Global
	GlobalSection(SolutionConfigurationPlatforms) = preSolution
		Debug|Any CPU = Debug|Any CPU
		Release|Any CPU = Release|Any CPU
	EndGlobalSection
	GlobalSection(ProjectConfigurationPlatforms) = postSolution
		{D6618EB7-2DF7-40D7-88DC-B6344CF8576D}.Debug|Any CPU.ActiveCfg = Debug|Any CPU
		{D6618EB7-2DF7-40D7-88DC-B6344CF8576D}.Debug|Any CPU.Build.0 = Debug|Any CPU
		{D6618EB7-2DF7-40D7-88DC-B6344CF8576D}.Release|Any CPU.ActiveCfg = Release|Any CPU
		{D6618EB7-2DF7-40D7-88DC-B6344CF8576D}.Release|Any CPU.Build.0 = Release|Any CPU
	EndGlobalSection
	GlobalSection(SolutionProperties) = preSolution
		HideSolutionNode = FALSE
	EndGlobalSection
	GlobalSection(ExtensibilityGlobals) = postSolution
		SolutionGuid = {E5D8A059-E13F-4B53-80DF-6CD347842BFE}
	EndGlobalSection
EndGlobal
