
Microsoft Visual Studio Solution File, Format Version 12.00
# Visual Studio Version 16
VisualStudioVersion = 16.0.30002.166
MinimumVisualStudioVersion = 10.0.40219.1
Project("{F184B08F-C81C-45F6-A57F-5ABD9991F28F}") = "ChangeCase", "ChangeCase.vbproj", "{0BCDF654-BBD4-475F-A448-2C713C66D1B5}"
EndProject
Global
	GlobalSection(SolutionConfigurationPlatforms) = preSolution
		Debug|Any CPU = Debug|Any CPU
		Release|Any CPU = Release|Any CPU
	EndGlobalSection
	GlobalSection(ProjectConfigurationPlatforms) = postSolution
		{0BCDF654-BBD4-475F-A448-2C713C66D1B5}.Debug|Any CPU.ActiveCfg = Debug|Any CPU
		{0BCDF654-BBD4-475F-A448-2C713C66D1B5}.Debug|Any CPU.Build.0 = Debug|Any CPU
		{0BCDF654-BBD4-475F-A448-2C713C66D1B5}.Release|Any CPU.ActiveCfg = Release|Any CPU
		{0BCDF654-BBD4-475F-A448-2C713C66D1B5}.Release|Any CPU.Build.0 = Release|Any CPU
	EndGlobalSection
	GlobalSection(SolutionProperties) = preSolution
		HideSolutionNode = FALSE
	EndGlobalSection
	GlobalSection(ExtensibilityGlobals) = postSolution
		SolutionGuid = {A6D594C0-73F4-46EF-9DC1-8612975EBD59}
	EndGlobalSection
EndGlobal
