
Microsoft Visual Studio Solution File, Format Version 12.00
# Visual Studio Version 16
VisualStudioVersion = 16.0.29926.136
MinimumVisualStudioVersion = 10.0.40219.1
Project("{F184B08F-C81C-45F6-A57F-5ABD9991F28F}") = "ControlPorperty", "ControlPorperty.vbproj", "{108B3C29-824F-4B50-9305-756A2C8B89A0}"
EndProject
Global
	GlobalSection(SolutionConfigurationPlatforms) = preSolution
		Debug|Any CPU = Debug|Any CPU
		Release|Any CPU = Release|Any CPU
	EndGlobalSection
	GlobalSection(ProjectConfigurationPlatforms) = postSolution
		{108B3C29-824F-4B50-9305-756A2C8B89A0}.Debug|Any CPU.ActiveCfg = Debug|Any CPU
		{108B3C29-824F-4B50-9305-756A2C8B89A0}.Debug|Any CPU.Build.0 = Debug|Any CPU
		{108B3C29-824F-4B50-9305-756A2C8B89A0}.Release|Any CPU.ActiveCfg = Release|Any CPU
		{108B3C29-824F-4B50-9305-756A2C8B89A0}.Release|Any CPU.Build.0 = Release|Any CPU
	EndGlobalSection
	GlobalSection(SolutionProperties) = preSolution
		HideSolutionNode = FALSE
	EndGlobalSection
	GlobalSection(ExtensibilityGlobals) = postSolution
		SolutionGuid = {27E48594-FAC0-4249-8BFD-2E54CECBA2F8}
	EndGlobalSection
EndGlobal
