
Microsoft Visual Studio Solution File, Format Version 12.00
# Visual Studio Version 16
VisualStudioVersion = 16.0.29926.136
MinimumVisualStudioVersion = 10.0.40219.1
Project("{F184B08F-C81C-45F6-A57F-5ABD9991F28F}") = "StudentInformation", "StudentInformation.vbproj", "{1D22FEDA-623D-4214-92B5-1468E3C65CA6}"
EndProject
Global
	GlobalSection(SolutionConfigurationPlatforms) = preSolution
		Debug|Any CPU = Debug|Any CPU
		Release|Any CPU = Release|Any CPU
	EndGlobalSection
	GlobalSection(ProjectConfigurationPlatforms) = postSolution
		{1D22FEDA-623D-4214-92B5-1468E3C65CA6}.Debug|Any CPU.ActiveCfg = Debug|Any CPU
		{1D22FEDA-623D-4214-92B5-1468E3C65CA6}.Debug|Any CPU.Build.0 = Debug|Any CPU
		{1D22FEDA-623D-4214-92B5-1468E3C65CA6}.Release|Any CPU.ActiveCfg = Release|Any CPU
		{1D22FEDA-623D-4214-92B5-1468E3C65CA6}.Release|Any CPU.Build.0 = Release|Any CPU
	EndGlobalSection
	GlobalSection(SolutionProperties) = preSolution
		HideSolutionNode = FALSE
	EndGlobalSection
	GlobalSection(ExtensibilityGlobals) = postSolution
		SolutionGuid = {13EB5E61-BBBB-49A0-A39D-CABE9CB700DD}
	EndGlobalSection
EndGlobal
